
Microsoft Visual Studio Solution File, Format Version 12.00
# Visual Studio Version 17
VisualStudioVersion = 17.5.002.0
MinimumVisualStudioVersion = 10.0.40219.1
Project("{9A19103F-16F7-4668-BE54-9A1E7A4F7556}") = "myWebApp", "src\myWebApp.csproj", "{A01EA3A5-C2A1-471D-BF4A-1BBCBB9DDAAD}"
EndProject
Project("{9A19103F-16F7-4668-BE54-9A1E7A4F7556}") = "tests", "tests\tests.csproj", "{D7B6B246-90AE-4618-B45D-3CC420AA4B97}"
EndProject
Global
	GlobalSection(SolutionConfigurationPlatforms) = preSolution
		Debug|Any CPU = Debug|Any CPU
		Release|Any CPU = Release|Any CPU
	EndGlobalSection
	GlobalSection(ProjectConfigurationPlatforms) = postSolution
		{A01EA3A5-C2A1-471D-BF4A-1BBCBB9DDAAD}.Debug|Any CPU.ActiveCfg = Debug|Any CPU
		{A01EA3A5-C2A1-471D-BF4A-1BBCBB9DDAAD}.Debug|Any CPU.Build.0 = Debug|Any CPU
		{A01EA3A5-C2A1-471D-BF4A-1BBCBB9DDAAD}.Release|Any CPU.ActiveCfg = Release|Any CPU
		{A01EA3A5-C2A1-471D-BF4A-1BBCBB9DDAAD}.Release|Any CPU.Build.0 = Release|Any CPU
		{D7B6B246-90AE-4618-B45D-3CC420AA4B97}.Debug|Any CPU.ActiveCfg = Debug|Any CPU
		{D7B6B246-90AE-4618-B45D-3CC420AA4B97}.Debug|Any CPU.Build.0 = Debug|Any CPU
		{D7B6B246-90AE-4618-B45D-3CC420AA4B97}.Release|Any CPU.ActiveCfg = Release|Any CPU
		{D7B6B246-90AE-4618-B45D-3CC420AA4B97}.Release|Any CPU.Build.0 = Release|Any CPU
	EndGlobalSection
	GlobalSection(SolutionProperties) = preSolution
		HideSolutionNode = FALSE
	EndGlobalSection
	GlobalSection(ExtensibilityGlobals) = postSolution
		SolutionGuid = {4CFD733B-A98B-4B64-9C0C-18FC59B35597}
	EndGlobalSection
EndGlobal
